
Microsoft Visual Studio Solution File, Format Version 12.00
# Visual Studio Version 16
VisualStudioVersion = 16.0.29924.181
MinimumVisualStudioVersion = 10.0.40219.1
Project("{9A19103F-16F7-4668-BE54-9A1E7A4F7556}") = "BMBlog", "BMBlog\BMBlog.csproj", "{1D1D37A9-559B-4860-9F01-5BA4096F6F48}"
EndProject
Project("{9A19103F-16F7-4668-BE54-9A1E7A4F7556}") = "GithubClient", "GithubClient\GithubClient.csproj", "{015CED58-782A-40AF-98D0-90E0D532A673}"
EndProject
Project("{9A19103F-16F7-4668-BE54-9A1E7A4F7556}") = "RSS", "RSS\RSS.csproj", "{5A8DCDF9-93D9-4D44-949F-A3AF05DF9AF9}"
EndProject
Project("{2150E333-8FDC-42A3-9474-1A3956D46DE8}") = "dist", "dist", "{30F8F156-8708-49D5-A921-00F08AFAF071}"
EndProject
Global
	GlobalSection(SolutionConfigurationPlatforms) = preSolution
		Debug|Any CPU = Debug|Any CPU
		Release|Any CPU = Release|Any CPU
	EndGlobalSection
	GlobalSection(ProjectConfigurationPlatforms) = postSolution
		{1D1D37A9-559B-4860-9F01-5BA4096F6F48}.Debug|Any CPU.ActiveCfg = Debug|Any CPU
		{1D1D37A9-559B-4860-9F01-5BA4096F6F48}.Debug|Any CPU.Build.0 = Debug|Any CPU
		{1D1D37A9-559B-4860-9F01-5BA4096F6F48}.Release|Any CPU.ActiveCfg = Release|Any CPU
		{1D1D37A9-559B-4860-9F01-5BA4096F6F48}.Release|Any CPU.Build.0 = Release|Any CPU
		{015CED58-782A-40AF-98D0-90E0D532A673}.Debug|Any CPU.ActiveCfg = Debug|Any CPU
		{015CED58-782A-40AF-98D0-90E0D532A673}.Debug|Any CPU.Build.0 = Debug|Any CPU
		{015CED58-782A-40AF-98D0-90E0D532A673}.Release|Any CPU.ActiveCfg = Release|Any CPU
		{015CED58-782A-40AF-98D0-90E0D532A673}.Release|Any CPU.Build.0 = Release|Any CPU
		{5A8DCDF9-93D9-4D44-949F-A3AF05DF9AF9}.Debug|Any CPU.ActiveCfg = Debug|Any CPU
		{5A8DCDF9-93D9-4D44-949F-A3AF05DF9AF9}.Debug|Any CPU.Build.0 = Debug|Any CPU
		{5A8DCDF9-93D9-4D44-949F-A3AF05DF9AF9}.Release|Any CPU.ActiveCfg = Release|Any CPU
		{5A8DCDF9-93D9-4D44-949F-A3AF05DF9AF9}.Release|Any CPU.Build.0 = Release|Any CPU
	EndGlobalSection
	GlobalSection(SolutionProperties) = preSolution
		HideSolutionNode = FALSE
	EndGlobalSection
	GlobalSection(ExtensibilityGlobals) = postSolution
		SolutionGuid = {A45D9290-71F6-4BC1-8563-E0BE90286151}
	EndGlobalSection
EndGlobal
